
Microsoft Visual Studio Solution File, Format Version 12.00
# Visual Studio Version 17
VisualStudioVersion = 17.5.33502.453
MinimumVisualStudioVersion = 10.0.40219.1
Project("{FAE04EC0-301F-11D3-BF4B-00C04F79EFBC}") = "Lab_18", "Lab_18\Lab_18.csproj", "{6B1681C6-8559-472F-8EBB-7A227856969F}"
EndProject
Project("{FAE04EC0-301F-11D3-BF4B-00C04F79EFBC}") = "Lab_18_ind", "Lab_18_ind\Lab_18_ind.csproj", "{CEB1E5DA-9683-4FF2-832C-CF63A6BA6FBE}"
EndProject
Global
	GlobalSection(SolutionConfigurationPlatforms) = preSolution
		Debug|Any CPU = Debug|Any CPU
		Release|Any CPU = Release|Any CPU
	EndGlobalSection
	GlobalSection(ProjectConfigurationPlatforms) = postSolution
		{6B1681C6-8559-472F-8EBB-7A227856969F}.Debug|Any CPU.ActiveCfg = Debug|Any CPU
		{6B1681C6-8559-472F-8EBB-7A227856969F}.Debug|Any CPU.Build.0 = Debug|Any CPU
		{6B1681C6-8559-472F-8EBB-7A227856969F}.Release|Any CPU.ActiveCfg = Release|Any CPU
		{6B1681C6-8559-472F-8EBB-7A227856969F}.Release|Any CPU.Build.0 = Release|Any CPU
		{CEB1E5DA-9683-4FF2-832C-CF63A6BA6FBE}.Debug|Any CPU.ActiveCfg = Debug|Any CPU
		{CEB1E5DA-9683-4FF2-832C-CF63A6BA6FBE}.Debug|Any CPU.Build.0 = Debug|Any CPU
		{CEB1E5DA-9683-4FF2-832C-CF63A6BA6FBE}.Release|Any CPU.ActiveCfg = Release|Any CPU
		{CEB1E5DA-9683-4FF2-832C-CF63A6BA6FBE}.Release|Any CPU.Build.0 = Release|Any CPU
	EndGlobalSection
	GlobalSection(SolutionProperties) = preSolution
		HideSolutionNode = FALSE
	EndGlobalSection
	GlobalSection(ExtensibilityGlobals) = postSolution
		SolutionGuid = {E74B771E-F40D-4525-B226-3A202BC8C2E5}
	EndGlobalSection
EndGlobal
